
Microsoft Visual Studio Solution File, Format Version 12.00
# Visual Studio Version 16
VisualStudioVersion = 16.0.31005.135
MinimumVisualStudioVersion = 10.0.40219.1
Project("{8BC9CEB8-8B4A-11D0-8D11-00A0C91BC942}") = "Laba2", "Laba2.vcxproj", "{386BF368-2C2B-46F3-A81D-DA1FF32987EF}"
EndProject
Global
	GlobalSection(SolutionConfigurationPlatforms) = preSolution
		Debug|x64 = Debug|x64
		Debug|x86 = Debug|x86
		Release|x64 = Release|x64
		Release|x86 = Release|x86
	EndGlobalSection
	GlobalSection(ProjectConfigurationPlatforms) = postSolution
		{386BF368-2C2B-46F3-A81D-DA1FF32987EF}.Debug|x64.ActiveCfg = Debug|x64
		{386BF368-2C2B-46F3-A81D-DA1FF32987EF}.Debug|x64.Build.0 = Debug|x64
		{386BF368-2C2B-46F3-A81D-DA1FF32987EF}.Debug|x86.ActiveCfg = Debug|Win32
		{386BF368-2C2B-46F3-A81D-DA1FF32987EF}.Debug|x86.Build.0 = Debug|Win32
		{386BF368-2C2B-46F3-A81D-DA1FF32987EF}.Release|x64.ActiveCfg = Release|x64
		{386BF368-2C2B-46F3-A81D-DA1FF32987EF}.Release|x64.Build.0 = Release|x64
		{386BF368-2C2B-46F3-A81D-DA1FF32987EF}.Release|x86.ActiveCfg = Release|Win32
		{386BF368-2C2B-46F3-A81D-DA1FF32987EF}.Release|x86.Build.0 = Release|Win32
	EndGlobalSection
	GlobalSection(SolutionProperties) = preSolution
		HideSolutionNode = FALSE
	EndGlobalSection
	GlobalSection(ExtensibilityGlobals) = postSolution
		SolutionGuid = {B4B1A992-09AC-4E37-B305-37E00E41F9D7}
	EndGlobalSection
EndGlobal
